
Microsoft Visual Studio Solution File, Format Version 12.00
# Visual Studio 14
VisualStudioVersion = 14.0.25420.1
MinimumVisualStudioVersion = 10.0.40219.1
Project("{FAE04EC0-301F-11D3-BF4B-00C04F79EFBC}") = "PassDontPass", "PassDontPass\PassDontPass\PassDontPass.csproj", "{E074A0CF-BF58-47CD-AEC7-088CAF778A40}"
EndProject
Project("{FAE04EC0-301F-11D3-BF4B-00C04F79EFBC}") = "PassDontPass.Droid", "PassDontPass\PassDontPass.Droid\PassDontPass.Droid.csproj", "{23BA1CCF-2052-4F22-A4C1-B4A31E07EFA2}"
EndProject
Project("{FAE04EC0-301F-11D3-BF4B-00C04F79EFBC}") = "PassDontPass.iOS", "PassDontPass\PassDontPass.iOS\PassDontPass.iOS.csproj", "{CE1BCC83-8FD7-4F12-B3D5-F0F2B05F05B6}"
EndProject
Project("{FAE04EC0-301F-11D3-BF4B-00C04F79EFBC}") = "PassDontPass.WinPhone", "PassDontPass\PassDontPass.WinPhone\PassDontPass.WinPhone.csproj", "{430DCFE0-4F18-49CC-A744-FC12091596C5}"
EndProject
Project("{FAE04EC0-301F-11D3-BF4B-00C04F79EFBC}") = "PassDontPass.UWP", "PassDontPass\PassDontPass.UWP\PassDontPass.UWP.csproj", "{078483ED-A11B-4E8A-98AF-B96B54B4F179}"
EndProject
Project("{FAE04EC0-301F-11D3-BF4B-00C04F79EFBC}") = "PassDontPass.Windows", "PassDontPass\PassDontPass.Windows\PassDontPass.Windows.csproj", "{4F6DE33D-02A3-444D-838C-A5305F963F0B}"
EndProject
Global
	GlobalSection(SolutionConfigurationPlatforms) = preSolution
		Ad-Hoc|Any CPU = Ad-Hoc|Any CPU
		Ad-Hoc|ARM = Ad-Hoc|ARM
		Ad-Hoc|iPhone = Ad-Hoc|iPhone
		Ad-Hoc|iPhoneSimulator = Ad-Hoc|iPhoneSimulator
		Ad-Hoc|x64 = Ad-Hoc|x64
		Ad-Hoc|x86 = Ad-Hoc|x86
		AppStore|Any CPU = AppStore|Any CPU
		AppStore|ARM = AppStore|ARM
		AppStore|iPhone = AppStore|iPhone
		AppStore|iPhoneSimulator = AppStore|iPhoneSimulator
		AppStore|x64 = AppStore|x64
		AppStore|x86 = AppStore|x86
		Debug|Any CPU = Debug|Any CPU
		Debug|ARM = Debug|ARM
		Debug|iPhone = Debug|iPhone
		Debug|iPhoneSimulator = Debug|iPhoneSimulator
		Debug|x64 = Debug|x64
		Debug|x86 = Debug|x86
		Release|Any CPU = Release|Any CPU
		Release|ARM = Release|ARM
		Release|iPhone = Release|iPhone
		Release|iPhoneSimulator = Release|iPhoneSimulator
		Release|x64 = Release|x64
		Release|x86 = Release|x86
	EndGlobalSection
	GlobalSection(ProjectConfigurationPlatforms) = postSolution
		{E074A0CF-BF58-47CD-AEC7-088CAF778A40}.Ad-Hoc|Any CPU.ActiveCfg = Release|Any CPU
		{E074A0CF-BF58-47CD-AEC7-088CAF778A40}.Ad-Hoc|Any CPU.Build.0 = Release|Any CPU
		{E074A0CF-BF58-47CD-AEC7-088CAF778A40}.Ad-Hoc|ARM.ActiveCfg = Release|Any CPU
		{E074A0CF-BF58-47CD-AEC7-088CAF778A40}.Ad-Hoc|ARM.Build.0 = Release|Any CPU
		{E074A0CF-BF58-47CD-AEC7-088CAF778A40}.Ad-Hoc|iPhone.ActiveCfg = Release|Any CPU
		{E074A0CF-BF58-47CD-AEC7-088CAF778A40}.Ad-Hoc|iPhone.Build.0 = Release|Any CPU
		{E074A0CF-BF58-47CD-AEC7-088CAF778A40}.Ad-Hoc|iPhoneSimulator.ActiveCfg = Release|Any CPU
		{E074A0CF-BF58-47CD-AEC7-088CAF778A40}.Ad-Hoc|iPhoneSimulator.Build.0 = Release|Any CPU
		{E074A0CF-BF58-47CD-AEC7-088CAF778A40}.Ad-Hoc|x64.ActiveCfg = Release|Any CPU
		{E074A0CF-BF58-47CD-AEC7-088CAF778A40}.Ad-Hoc|x64.Build.0 = Release|Any CPU
		{E074A0CF-BF58-47CD-AEC7-088CAF778A40}.Ad-Hoc|x86.ActiveCfg = Release|Any CPU
		{E074A0CF-BF58-47CD-AEC7-088CAF778A40}.Ad-Hoc|x86.Build.0 = Release|Any CPU
		{E074A0CF-BF58-47CD-AEC7-088CAF778A40}.AppStore|Any CPU.ActiveCfg = Release|Any CPU
		{E074A0CF-BF58-47CD-AEC7-088CAF778A40}.AppStore|Any CPU.Build.0 = Release|Any CPU
		{E074A0CF-BF58-47CD-AEC7-088CAF778A40}.AppStore|ARM.ActiveCfg = Release|Any CPU
		{E074A0CF-BF58-47CD-AEC7-088CAF778A40}.AppStore|ARM.Build.0 = Release|Any CPU
		{E074A0CF-BF58-47CD-AEC7-088CAF778A40}.AppStore|iPhone.ActiveCfg = Release|Any CPU
		{E074A0CF-BF58-47CD-AEC7-088CAF778A40}.AppStore|iPhone.Build.0 = Release|Any CPU
		{E074A0CF-BF58-47CD-AEC7-088CAF778A40}.AppStore|iPhoneSimulator.ActiveCfg = Release|Any CPU
		{E074A0CF-BF58-47CD-AEC7-088CAF778A40}.AppStore|iPhoneSimulator.Build.0 = Release|Any CPU
		{E074A0CF-BF58-47CD-AEC7-088CAF778A40}.AppStore|x64.ActiveCfg = Release|Any CPU
		{E074A0CF-BF58-47CD-AEC7-088CAF778A40}.AppStore|x64.Build.0 = Release|Any CPU
		{E074A0CF-BF58-47CD-AEC7-088CAF778A40}.AppStore|x86.ActiveCfg = Release|Any CPU
		{E074A0CF-BF58-47CD-AEC7-088CAF778A40}.AppStore|x86.Build.0 = Release|Any CPU
		{E074A0CF-BF58-47CD-AEC7-088CAF778A40}.Debug|Any CPU.ActiveCfg = Debug|Any CPU
		{E074A0CF-BF58-47CD-AEC7-088CAF778A40}.Debug|Any CPU.Build.0 = Debug|Any CPU
		{E074A0CF-BF58-47CD-AEC7-088CAF778A40}.Debug|ARM.ActiveCfg = Debug|Any CPU
		{E074A0CF-BF58-47CD-AEC7-088CAF778A40}.Debug|ARM.Build.0 = Debug|Any CPU
		{E074A0CF-BF58-47CD-AEC7-088CAF778A40}.Debug|iPhone.ActiveCfg = Debug|Any CPU
		{E074A0CF-BF58-47CD-AEC7-088CAF778A40}.Debug|iPhone.Build.0 = Debug|Any CPU
		{E074A0CF-BF58-47CD-AEC7-088CAF778A40}.Debug|iPhoneSimulator.ActiveCfg = Debug|Any CPU
		{E074A0CF-BF58-47CD-AEC7-088CAF778A40}.Debug|iPhoneSimulator.Build.0 = Debug|Any CPU
		{E074A0CF-BF58-47CD-AEC7-088CAF778A40}.Debug|x64.ActiveCfg = Debug|Any CPU
		{E074A0CF-BF58-47CD-AEC7-088CAF778A40}.Debug|x64.Build.0 = Debug|Any CPU
		{E074A0CF-BF58-47CD-AEC7-088CAF778A40}.Debug|x86.ActiveCfg = Debug|Any CPU
		{E074A0CF-BF58-47CD-AEC7-088CAF778A40}.Debug|x86.Build.0 = Debug|Any CPU
		{E074A0CF-BF58-47CD-AEC7-088CAF778A40}.Release|Any CPU.ActiveCfg = Release|Any CPU
		{E074A0CF-BF58-47CD-AEC7-088CAF778A40}.Release|Any CPU.Build.0 = Release|Any CPU
		{E074A0CF-BF58-47CD-AEC7-088CAF778A40}.Release|ARM.ActiveCfg = Release|Any CPU
		{E074A0CF-BF58-47CD-AEC7-088CAF778A40}.Release|ARM.Build.0 = Release|Any CPU
		{E074A0CF-BF58-47CD-AEC7-088CAF778A40}.Release|iPhone.ActiveCfg = Release|Any CPU
		{E074A0CF-BF58-47CD-AEC7-088CAF778A40}.Release|iPhone.Build.0 = Release|Any CPU
		{E074A0CF-BF58-47CD-AEC7-088CAF778A40}.Release|iPhoneSimulator.ActiveCfg = Release|Any CPU
		{E074A0CF-BF58-47CD-AEC7-088CAF778A40}.Release|iPhoneSimulator.Build.0 = Release|Any CPU
		{E074A0CF-BF58-47CD-AEC7-088CAF778A40}.Release|x64.ActiveCfg = Release|Any CPU
		{E074A0CF-BF58-47CD-AEC7-088CAF778A40}.Release|x64.Build.0 = Release|Any CPU
		{E074A0CF-BF58-47CD-AEC7-088CAF778A40}.Release|x86.ActiveCfg = Release|Any CPU
		{E074A0CF-BF58-47CD-AEC7-088CAF778A40}.Release|x86.Build.0 = Release|Any CPU
		{23BA1CCF-2052-4F22-A4C1-B4A31E07EFA2}.Ad-Hoc|Any CPU.ActiveCfg = Release|Any CPU
		{23BA1CCF-2052-4F22-A4C1-B4A31E07EFA2}.Ad-Hoc|Any CPU.Build.0 = Release|Any CPU
		{23BA1CCF-2052-4F22-A4C1-B4A31E07EFA2}.Ad-Hoc|Any CPU.Deploy.0 = Release|Any CPU
		{23BA1CCF-2052-4F22-A4C1-B4A31E07EFA2}.Ad-Hoc|ARM.ActiveCfg = Release|Any CPU
		{23BA1CCF-2052-4F22-A4C1-B4A31E07EFA2}.Ad-Hoc|ARM.Build.0 = Release|Any CPU
		{23BA1CCF-2052-4F22-A4C1-B4A31E07EFA2}.Ad-Hoc|ARM.Deploy.0 = Release|Any CPU
		{23BA1CCF-2052-4F22-A4C1-B4A31E07EFA2}.Ad-Hoc|iPhone.ActiveCfg = Release|Any CPU
		{23BA1CCF-2052-4F22-A4C1-B4A31E07EFA2}.Ad-Hoc|iPhone.Build.0 = Release|Any CPU
		{23BA1CCF-2052-4F22-A4C1-B4A31E07EFA2}.Ad-Hoc|iPhone.Deploy.0 = Release|Any CPU
		{23BA1CCF-2052-4F22-A4C1-B4A31E07EFA2}.Ad-Hoc|iPhoneSimulator.ActiveCfg = Release|Any CPU
		{23BA1CCF-2052-4F22-A4C1-B4A31E07EFA2}.Ad-Hoc|iPhoneSimulator.Build.0 = Release|Any CPU
		{23BA1CCF-2052-4F22-A4C1-B4A31E07EFA2}.Ad-Hoc|iPhoneSimulator.Deploy.0 = Release|Any CPU
		{23BA1CCF-2052-4F22-A4C1-B4A31E07EFA2}.Ad-Hoc|x64.ActiveCfg = Release|Any CPU
		{23BA1CCF-2052-4F22-A4C1-B4A31E07EFA2}.Ad-Hoc|x64.Build.0 = Release|Any CPU
		{23BA1CCF-2052-4F22-A4C1-B4A31E07EFA2}.Ad-Hoc|x64.Deploy.0 = Release|Any CPU
		{23BA1CCF-2052-4F22-A4C1-B4A31E07EFA2}.Ad-Hoc|x86.ActiveCfg = Release|Any CPU
		{23BA1CCF-2052-4F22-A4C1-B4A31E07EFA2}.Ad-Hoc|x86.Build.0 = Release|Any CPU
		{23BA1CCF-2052-4F22-A4C1-B4A31E07EFA2}.Ad-Hoc|x86.Deploy.0 = Release|Any CPU
		{23BA1CCF-2052-4F22-A4C1-B4A31E07EFA2}.AppStore|Any CPU.ActiveCfg = Release|Any CPU
		{23BA1CCF-2052-4F22-A4C1-B4A31E07EFA2}.AppStore|Any CPU.Build.0 = Release|Any CPU
		{23BA1CCF-2052-4F22-A4C1-B4A31E07EFA2}.AppStore|Any CPU.Deploy.0 = Release|Any CPU
		{23BA1CCF-2052-4F22-A4C1-B4A31E07EFA2}.AppStore|ARM.ActiveCfg = Release|Any CPU
		{23BA1CCF-2052-4F22-A4C1-B4A31E07EFA2}.AppStore|ARM.Build.0 = Release|Any CPU
		{23BA1CCF-2052-4F22-A4C1-B4A31E07EFA2}.AppStore|ARM.Deploy.0 = Release|Any CPU
		{23BA1CCF-2052-4F22-A4C1-B4A31E07EFA2}.AppStore|iPhone.ActiveCfg = Release|Any CPU
		{23BA1CCF-2052-4F22-A4C1-B4A31E07EFA2}.AppStore|iPhone.Build.0 = Release|Any CPU
		{23BA1CCF-2052-4F22-A4C1-B4A31E07EFA2}.AppStore|iPhone.Deploy.0 = Release|Any CPU
		{23BA1CCF-2052-4F22-A4C1-B4A31E07EFA2}.AppStore|iPhoneSimulator.ActiveCfg = Release|Any CPU
		{23BA1CCF-2052-4F22-A4C1-B4A31E07EFA2}.AppStore|iPhoneSimulator.Build.0 = Release|Any CPU
		{23BA1CCF-2052-4F22-A4C1-B4A31E07EFA2}.AppStore|iPhoneSimulator.Deploy.0 = Release|Any CPU
		{23BA1CCF-2052-4F22-A4C1-B4A31E07EFA2}.AppStore|x64.ActiveCfg = Release|Any CPU
		{23BA1CCF-2052-4F22-A4C1-B4A31E07EFA2}.AppStore|x64.Build.0 = Release|Any CPU
		{23BA1CCF-2052-4F22-A4C1-B4A31E07EFA2}.AppStore|x64.Deploy.0 = Release|Any CPU
		{23BA1CCF-2052-4F22-A4C1-B4A31E07EFA2}.AppStore|x86.ActiveCfg = Release|Any CPU
		{23BA1CCF-2052-4F22-A4C1-B4A31E07EFA2}.AppStore|x86.Build.0 = Release|Any CPU
		{23BA1CCF-2052-4F22-A4C1-B4A31E07EFA2}.AppStore|x86.Deploy.0 = Release|Any CPU
		{23BA1CCF-2052-4F22-A4C1-B4A31E07EFA2}.Debug|Any CPU.ActiveCfg = Debug|Any CPU
		{23BA1CCF-2052-4F22-A4C1-B4A31E07EFA2}.Debug|Any CPU.Build.0 = Debug|Any CPU
		{23BA1CCF-2052-4F22-A4C1-B4A31E07EFA2}.Debug|Any CPU.Deploy.0 = Debug|Any CPU
		{23BA1CCF-2052-4F22-A4C1-B4A31E07EFA2}.Debug|ARM.ActiveCfg = Debug|Any CPU
		{23BA1CCF-2052-4F22-A4C1-B4A31E07EFA2}.Debug|ARM.Build.0 = Debug|Any CPU
		{23BA1CCF-2052-4F22-A4C1-B4A31E07EFA2}.Debug|ARM.Deploy.0 = Debug|Any CPU
		{23BA1CCF-2052-4F22-A4C1-B4A31E07EFA2}.Debug|iPhone.ActiveCfg = Debug|Any CPU
		{23BA1CCF-2052-4F22-A4C1-B4A31E07EFA2}.Debug|iPhone.Build.0 = Debug|Any CPU
		{23BA1CCF-2052-4F22-A4C1-B4A31E07EFA2}.Debug|iPhone.Deploy.0 = Debug|Any CPU
		{23BA1CCF-2052-4F22-A4C1-B4A31E07EFA2}.Debug|iPhoneSimulator.ActiveCfg = Debug|Any CPU
		{23BA1CCF-2052-4F22-A4C1-B4A31E07EFA2}.Debug|iPhoneSimulator.Build.0 = Debug|Any CPU
		{23BA1CCF-2052-4F22-A4C1-B4A31E07EFA2}.Debug|iPhoneSimulator.Deploy.0 = Debug|Any CPU
		{23BA1CCF-2052-4F22-A4C1-B4A31E07EFA2}.Debug|x64.ActiveCfg = Debug|Any CPU
		{23BA1CCF-2052-4F22-A4C1-B4A31E07EFA2}.Debug|x64.Build.0 = Debug|Any CPU
		{23BA1CCF-2052-4F22-A4C1-B4A31E07EFA2}.Debug|x64.Deploy.0 = Debug|Any CPU
		{23BA1CCF-2052-4F22-A4C1-B4A31E07EFA2}.Debug|x86.ActiveCfg = Debug|Any CPU
		{23BA1CCF-2052-4F22-A4C1-B4A31E07EFA2}.Debug|x86.Build.0 = Debug|Any CPU
		{23BA1CCF-2052-4F22-A4C1-B4A31E07EFA2}.Debug|x86.Deploy.0 = Debug|Any CPU
		{23BA1CCF-2052-4F22-A4C1-B4A31E07EFA2}.Release|Any CPU.ActiveCfg = Release|Any CPU
		{23BA1CCF-2052-4F22-A4C1-B4A31E07EFA2}.Release|Any CPU.Build.0 = Release|Any CPU
		{23BA1CCF-2052-4F22-A4C1-B4A31E07EFA2}.Release|Any CPU.Deploy.0 = Release|Any CPU
		{23BA1CCF-2052-4F22-A4C1-B4A31E07EFA2}.Release|ARM.ActiveCfg = Release|Any CPU
		{23BA1CCF-2052-4F22-A4C1-B4A31E07EFA2}.Release|ARM.Build.0 = Release|Any CPU
		{23BA1CCF-2052-4F22-A4C1-B4A31E07EFA2}.Release|ARM.Deploy.0 = Release|Any CPU
		{23BA1CCF-2052-4F22-A4C1-B4A31E07EFA2}.Release|iPhone.ActiveCfg = Release|Any CPU
		{23BA1CCF-2052-4F22-A4C1-B4A31E07EFA2}.Release|iPhone.Build.0 = Release|Any CPU
		{23BA1CCF-2052-4F22-A4C1-B4A31E07EFA2}.Release|iPhone.Deploy.0 = Release|Any CPU
		{23BA1CCF-2052-4F22-A4C1-B4A31E07EFA2}.Release|iPhoneSimulator.ActiveCfg = Release|Any CPU
		{23BA1CCF-2052-4F22-A4C1-B4A31E07EFA2}.Release|iPhoneSimulator.Build.0 = Release|Any CPU
		{23BA1CCF-2052-4F22-A4C1-B4A31E07EFA2}.Release|iPhoneSimulator.Deploy.0 = Release|Any CPU
		{23BA1CCF-2052-4F22-A4C1-B4A31E07EFA2}.Release|x64.ActiveCfg = Release|Any CPU
		{23BA1CCF-2052-4F22-A4C1-B4A31E07EFA2}.Release|x64.Build.0 = Release|Any CPU
		{23BA1CCF-2052-4F22-A4C1-B4A31E07EFA2}.Release|x64.Deploy.0 = Release|Any CPU
		{23BA1CCF-2052-4F22-A4C1-B4A31E07EFA2}.Release|x86.ActiveCfg = Release|Any CPU
		{23BA1CCF-2052-4F22-A4C1-B4A31E07EFA2}.Release|x86.Build.0 = Release|Any CPU
		{23BA1CCF-2052-4F22-A4C1-B4A31E07EFA2}.Release|x86.Deploy.0 = Release|Any CPU
		{CE1BCC83-8FD7-4F12-B3D5-F0F2B05F05B6}.Ad-Hoc|Any CPU.ActiveCfg = Ad-Hoc|iPhone
		{CE1BCC83-8FD7-4F12-B3D5-F0F2B05F05B6}.Ad-Hoc|ARM.ActiveCfg = Ad-Hoc|iPhone
		{CE1BCC83-8FD7-4F12-B3D5-F0F2B05F05B6}.Ad-Hoc|iPhone.ActiveCfg = Ad-Hoc|iPhone
		{CE1BCC83-8FD7-4F12-B3D5-F0F2B05F05B6}.Ad-Hoc|iPhone.Build.0 = Ad-Hoc|iPhone
		{CE1BCC83-8FD7-4F12-B3D5-F0F2B05F05B6}.Ad-Hoc|iPhoneSimulator.ActiveCfg = Ad-Hoc|iPhoneSimulator
		{CE1BCC83-8FD7-4F12-B3D5-F0F2B05F05B6}.Ad-Hoc|iPhoneSimulator.Build.0 = Ad-Hoc|iPhoneSimulator
		{CE1BCC83-8FD7-4F12-B3D5-F0F2B05F05B6}.Ad-Hoc|x64.ActiveCfg = Ad-Hoc|iPhone
		{CE1BCC83-8FD7-4F12-B3D5-F0F2B05F05B6}.Ad-Hoc|x86.ActiveCfg = Ad-Hoc|iPhone
		{CE1BCC83-8FD7-4F12-B3D5-F0F2B05F05B6}.AppStore|Any CPU.ActiveCfg = AppStore|iPhone
		{CE1BCC83-8FD7-4F12-B3D5-F0F2B05F05B6}.AppStore|ARM.ActiveCfg = AppStore|iPhone
		{CE1BCC83-8FD7-4F12-B3D5-F0F2B05F05B6}.AppStore|iPhone.ActiveCfg = AppStore|iPhone
		{CE1BCC83-8FD7-4F12-B3D5-F0F2B05F05B6}.AppStore|iPhone.Build.0 = AppStore|iPhone
		{CE1BCC83-8FD7-4F12-B3D5-F0F2B05F05B6}.AppStore|iPhoneSimulator.ActiveCfg = AppStore|iPhoneSimulator
		{CE1BCC83-8FD7-4F12-B3D5-F0F2B05F05B6}.AppStore|iPhoneSimulator.Build.0 = AppStore|iPhoneSimulator
		{CE1BCC83-8FD7-4F12-B3D5-F0F2B05F05B6}.AppStore|x64.ActiveCfg = AppStore|iPhone
		{CE1BCC83-8FD7-4F12-B3D5-F0F2B05F05B6}.AppStore|x86.ActiveCfg = AppStore|iPhone
		{CE1BCC83-8FD7-4F12-B3D5-F0F2B05F05B6}.Debug|Any CPU.ActiveCfg = Debug|iPhone
		{CE1BCC83-8FD7-4F12-B3D5-F0F2B05F05B6}.Debug|ARM.ActiveCfg = Debug|iPhone
		{CE1BCC83-8FD7-4F12-B3D5-F0F2B05F05B6}.Debug|iPhone.ActiveCfg = Debug|iPhone
		{CE1BCC83-8FD7-4F12-B3D5-F0F2B05F05B6}.Debug|iPhone.Build.0 = Debug|iPhone
		{CE1BCC83-8FD7-4F12-B3D5-F0F2B05F05B6}.Debug|iPhoneSimulator.ActiveCfg = Debug|iPhoneSimulator
		{CE1BCC83-8FD7-4F12-B3D5-F0F2B05F05B6}.Debug|iPhoneSimulator.Build.0 = Debug|iPhoneSimulator
		{CE1BCC83-8FD7-4F12-B3D5-F0F2B05F05B6}.Debug|x64.ActiveCfg = Debug|iPhone
		{CE1BCC83-8FD7-4F12-B3D5-F0F2B05F05B6}.Debug|x86.ActiveCfg = Debug|iPhone
		{CE1BCC83-8FD7-4F12-B3D5-F0F2B05F05B6}.Release|Any CPU.ActiveCfg = Release|iPhone
		{CE1BCC83-8FD7-4F12-B3D5-F0F2B05F05B6}.Release|ARM.ActiveCfg = Release|iPhone
		{CE1BCC83-8FD7-4F12-B3D5-F0F2B05F05B6}.Release|iPhone.ActiveCfg = Release|iPhone
		{CE1BCC83-8FD7-4F12-B3D5-F0F2B05F05B6}.Release|iPhone.Build.0 = Release|iPhone
		{CE1BCC83-8FD7-4F12-B3D5-F0F2B05F05B6}.Release|iPhoneSimulator.ActiveCfg = Release|iPhoneSimulator
		{CE1BCC83-8FD7-4F12-B3D5-F0F2B05F05B6}.Release|iPhoneSimulator.Build.0 = Release|iPhoneSimulator
		{CE1BCC83-8FD7-4F12-B3D5-F0F2B05F05B6}.Release|x64.ActiveCfg = Release|iPhone
		{CE1BCC83-8FD7-4F12-B3D5-F0F2B05F05B6}.Release|x86.ActiveCfg = Release|iPhone
		{430DCFE0-4F18-49CC-A744-FC12091596C5}.Ad-Hoc|Any CPU.ActiveCfg = Release|Any CPU
		{430DCFE0-4F18-49CC-A744-FC12091596C5}.Ad-Hoc|Any CPU.Build.0 = Release|Any CPU
		{430DCFE0-4F18-49CC-A744-FC12091596C5}.Ad-Hoc|Any CPU.Deploy.0 = Release|Any CPU
		{430DCFE0-4F18-49CC-A744-FC12091596C5}.Ad-Hoc|ARM.ActiveCfg = Release|ARM
		{430DCFE0-4F18-49CC-A744-FC12091596C5}.Ad-Hoc|ARM.Build.0 = Release|ARM
		{430DCFE0-4F18-49CC-A744-FC12091596C5}.Ad-Hoc|ARM.Deploy.0 = Release|ARM
		{430DCFE0-4F18-49CC-A744-FC12091596C5}.Ad-Hoc|iPhone.ActiveCfg = Release|Any CPU
		{430DCFE0-4F18-49CC-A744-FC12091596C5}.Ad-Hoc|iPhone.Build.0 = Release|Any CPU
		{430DCFE0-4F18-49CC-A744-FC12091596C5}.Ad-Hoc|iPhone.Deploy.0 = Release|Any CPU
		{430DCFE0-4F18-49CC-A744-FC12091596C5}.Ad-Hoc|iPhoneSimulator.ActiveCfg = Release|Any CPU
		{430DCFE0-4F18-49CC-A744-FC12091596C5}.Ad-Hoc|iPhoneSimulator.Build.0 = Release|Any CPU
		{430DCFE0-4F18-49CC-A744-FC12091596C5}.Ad-Hoc|iPhoneSimulator.Deploy.0 = Release|Any CPU
		{430DCFE0-4F18-49CC-A744-FC12091596C5}.Ad-Hoc|x64.ActiveCfg = Release|Any CPU
		{430DCFE0-4F18-49CC-A744-FC12091596C5}.Ad-Hoc|x64.Build.0 = Release|Any CPU
		{430DCFE0-4F18-49CC-A744-FC12091596C5}.Ad-Hoc|x64.Deploy.0 = Release|Any CPU
		{430DCFE0-4F18-49CC-A744-FC12091596C5}.Ad-Hoc|x86.ActiveCfg = Release|x86
		{430DCFE0-4F18-49CC-A744-FC12091596C5}.Ad-Hoc|x86.Build.0 = Release|x86
		{430DCFE0-4F18-49CC-A744-FC12091596C5}.Ad-Hoc|x86.Deploy.0 = Release|x86
		{430DCFE0-4F18-49CC-A744-FC12091596C5}.AppStore|Any CPU.ActiveCfg = Release|Any CPU
		{430DCFE0-4F18-49CC-A744-FC12091596C5}.AppStore|Any CPU.Build.0 = Release|Any CPU
		{430DCFE0-4F18-49CC-A744-FC12091596C5}.AppStore|Any CPU.Deploy.0 = Release|Any CPU
		{430DCFE0-4F18-49CC-A744-FC12091596C5}.AppStore|ARM.ActiveCfg = Release|ARM
		{430DCFE0-4F18-49CC-A744-FC12091596C5}.AppStore|ARM.Build.0 = Release|ARM
		{430DCFE0-4F18-49CC-A744-FC12091596C5}.AppStore|ARM.Deploy.0 = Release|ARM
		{430DCFE0-4F18-49CC-A744-FC12091596C5}.AppStore|iPhone.ActiveCfg = Release|Any CPU
		{430DCFE0-4F18-49CC-A744-FC12091596C5}.AppStore|iPhone.Build.0 = Release|Any CPU
		{430DCFE0-4F18-49CC-A744-FC12091596C5}.AppStore|iPhone.Deploy.0 = Release|Any CPU
		{430DCFE0-4F18-49CC-A744-FC12091596C5}.AppStore|iPhoneSimulator.ActiveCfg = Release|Any CPU
		{430DCFE0-4F18-49CC-A744-FC12091596C5}.AppStore|iPhoneSimulator.Build.0 = Release|Any CPU
		{430DCFE0-4F18-49CC-A744-FC12091596C5}.AppStore|iPhoneSimulator.Deploy.0 = Release|Any CPU
		{430DCFE0-4F18-49CC-A744-FC12091596C5}.AppStore|x64.ActiveCfg = Release|Any CPU
		{430DCFE0-4F18-49CC-A744-FC12091596C5}.AppStore|x64.Build.0 = Release|Any CPU
		{430DCFE0-4F18-49CC-A744-FC12091596C5}.AppStore|x64.Deploy.0 = Release|Any CPU
		{430DCFE0-4F18-49CC-A744-FC12091596C5}.AppStore|x86.ActiveCfg = Release|x86
		{430DCFE0-4F18-49CC-A744-FC12091596C5}.AppStore|x86.Build.0 = Release|x86
		{430DCFE0-4F18-49CC-A744-FC12091596C5}.AppStore|x86.Deploy.0 = Release|x86
		{430DCFE0-4F18-49CC-A744-FC12091596C5}.Debug|Any CPU.ActiveCfg = Debug|Any CPU
		{430DCFE0-4F18-49CC-A744-FC12091596C5}.Debug|Any CPU.Build.0 = Debug|Any CPU
		{430DCFE0-4F18-49CC-A744-FC12091596C5}.Debug|Any CPU.Deploy.0 = Debug|Any CPU
		{430DCFE0-4F18-49CC-A744-FC12091596C5}.Debug|ARM.ActiveCfg = Debug|ARM
		{430DCFE0-4F18-49CC-A744-FC12091596C5}.Debug|ARM.Build.0 = Debug|ARM
		{430DCFE0-4F18-49CC-A744-FC12091596C5}.Debug|ARM.Deploy.0 = Debug|ARM
		{430DCFE0-4F18-49CC-A744-FC12091596C5}.Debug|iPhone.ActiveCfg = Debug|Any CPU
		{430DCFE0-4F18-49CC-A744-FC12091596C5}.Debug|iPhone.Build.0 = Debug|Any CPU
		{430DCFE0-4F18-49CC-A744-FC12091596C5}.Debug|iPhone.Deploy.0 = Debug|Any CPU
		{430DCFE0-4F18-49CC-A744-FC12091596C5}.Debug|iPhoneSimulator.ActiveCfg = Debug|Any CPU
		{430DCFE0-4F18-49CC-A744-FC12091596C5}.Debug|iPhoneSimulator.Build.0 = Debug|Any CPU
		{430DCFE0-4F18-49CC-A744-FC12091596C5}.Debug|iPhoneSimulator.Deploy.0 = Debug|Any CPU
		{430DCFE0-4F18-49CC-A744-FC12091596C5}.Debug|x64.ActiveCfg = Debug|Any CPU
		{430DCFE0-4F18-49CC-A744-FC12091596C5}.Debug|x64.Build.0 = Debug|Any CPU
		{430DCFE0-4F18-49CC-A744-FC12091596C5}.Debug|x64.Deploy.0 = Debug|Any CPU
		{430DCFE0-4F18-49CC-A744-FC12091596C5}.Debug|x86.ActiveCfg = Debug|x86
		{430DCFE0-4F18-49CC-A744-FC12091596C5}.Debug|x86.Build.0 = Debug|x86
		{430DCFE0-4F18-49CC-A744-FC12091596C5}.Debug|x86.Deploy.0 = Debug|x86
		{430DCFE0-4F18-49CC-A744-FC12091596C5}.Release|Any CPU.ActiveCfg = Release|Any CPU
		{430DCFE0-4F18-49CC-A744-FC12091596C5}.Release|Any CPU.Build.0 = Release|Any CPU
		{430DCFE0-4F18-49CC-A744-FC12091596C5}.Release|Any CPU.Deploy.0 = Release|Any CPU
		{430DCFE0-4F18-49CC-A744-FC12091596C5}.Release|ARM.ActiveCfg = Release|ARM
		{430DCFE0-4F18-49CC-A744-FC12091596C5}.Release|ARM.Build.0 = Release|ARM
		{430DCFE0-4F18-49CC-A744-FC12091596C5}.Release|ARM.Deploy.0 = Release|ARM
		{430DCFE0-4F18-49CC-A744-FC12091596C5}.Release|iPhone.ActiveCfg = Release|Any CPU
		{430DCFE0-4F18-49CC-A744-FC12091596C5}.Release|iPhone.Build.0 = Release|Any CPU
		{430DCFE0-4F18-49CC-A744-FC12091596C5}.Release|iPhone.Deploy.0 = Release|Any CPU
		{430DCFE0-4F18-49CC-A744-FC12091596C5}.Release|iPhoneSimulator.ActiveCfg = Release|Any CPU
		{430DCFE0-4F18-49CC-A744-FC12091596C5}.Release|iPhoneSimulator.Build.0 = Release|Any CPU
		{430DCFE0-4F18-49CC-A744-FC12091596C5}.Release|iPhoneSimulator.Deploy.0 = Release|Any CPU
		{430DCFE0-4F18-49CC-A744-FC12091596C5}.Release|x64.ActiveCfg = Release|Any CPU
		{430DCFE0-4F18-49CC-A744-FC12091596C5}.Release|x64.Build.0 = Release|Any CPU
		{430DCFE0-4F18-49CC-A744-FC12091596C5}.Release|x64.Deploy.0 = Release|Any CPU
		{430DCFE0-4F18-49CC-A744-FC12091596C5}.Release|x86.ActiveCfg = Release|x86
		{430DCFE0-4F18-49CC-A744-FC12091596C5}.Release|x86.Build.0 = Release|x86
		{430DCFE0-4F18-49CC-A744-FC12091596C5}.Release|x86.Deploy.0 = Release|x86
		{078483ED-A11B-4E8A-98AF-B96B54B4F179}.Ad-Hoc|Any CPU.ActiveCfg = Release|x86
		{078483ED-A11B-4E8A-98AF-B96B54B4F179}.Ad-Hoc|Any CPU.Build.0 = Release|x86
		{078483ED-A11B-4E8A-98AF-B96B54B4F179}.Ad-Hoc|Any CPU.Deploy.0 = Release|x86
		{078483ED-A11B-4E8A-98AF-B96B54B4F179}.Ad-Hoc|ARM.ActiveCfg = Release|ARM
		{078483ED-A11B-4E8A-98AF-B96B54B4F179}.Ad-Hoc|ARM.Build.0 = Release|ARM
		{078483ED-A11B-4E8A-98AF-B96B54B4F179}.Ad-Hoc|ARM.Deploy.0 = Release|ARM
		{078483ED-A11B-4E8A-98AF-B96B54B4F179}.Ad-Hoc|iPhone.ActiveCfg = Release|x86
		{078483ED-A11B-4E8A-98AF-B96B54B4F179}.Ad-Hoc|iPhone.Build.0 = Release|x86
		{078483ED-A11B-4E8A-98AF-B96B54B4F179}.Ad-Hoc|iPhone.Deploy.0 = Release|x86
		{078483ED-A11B-4E8A-98AF-B96B54B4F179}.Ad-Hoc|iPhoneSimulator.ActiveCfg = Release|x86
		{078483ED-A11B-4E8A-98AF-B96B54B4F179}.Ad-Hoc|iPhoneSimulator.Build.0 = Release|x86
		{078483ED-A11B-4E8A-98AF-B96B54B4F179}.Ad-Hoc|iPhoneSimulator.Deploy.0 = Release|x86
		{078483ED-A11B-4E8A-98AF-B96B54B4F179}.Ad-Hoc|x64.ActiveCfg = Release|x64
		{078483ED-A11B-4E8A-98AF-B96B54B4F179}.Ad-Hoc|x64.Build.0 = Release|x64
		{078483ED-A11B-4E8A-98AF-B96B54B4F179}.Ad-Hoc|x64.Deploy.0 = Release|x64
		{078483ED-A11B-4E8A-98AF-B96B54B4F179}.Ad-Hoc|x86.ActiveCfg = Release|x86
		{078483ED-A11B-4E8A-98AF-B96B54B4F179}.Ad-Hoc|x86.Build.0 = Release|x86
		{078483ED-A11B-4E8A-98AF-B96B54B4F179}.Ad-Hoc|x86.Deploy.0 = Release|x86
		{078483ED-A11B-4E8A-98AF-B96B54B4F179}.AppStore|Any CPU.ActiveCfg = Release|x86
		{078483ED-A11B-4E8A-98AF-B96B54B4F179}.AppStore|Any CPU.Build.0 = Release|x86
		{078483ED-A11B-4E8A-98AF-B96B54B4F179}.AppStore|Any CPU.Deploy.0 = Release|x86
		{078483ED-A11B-4E8A-98AF-B96B54B4F179}.AppStore|ARM.ActiveCfg = Release|ARM
		{078483ED-A11B-4E8A-98AF-B96B54B4F179}.AppStore|ARM.Build.0 = Release|ARM
		{078483ED-A11B-4E8A-98AF-B96B54B4F179}.AppStore|ARM.Deploy.0 = Release|ARM
		{078483ED-A11B-4E8A-98AF-B96B54B4F179}.AppStore|iPhone.ActiveCfg = Release|x86
		{078483ED-A11B-4E8A-98AF-B96B54B4F179}.AppStore|iPhone.Build.0 = Release|x86
		{078483ED-A11B-4E8A-98AF-B96B54B4F179}.AppStore|iPhone.Deploy.0 = Release|x86
		{078483ED-A11B-4E8A-98AF-B96B54B4F179}.AppStore|iPhoneSimulator.ActiveCfg = Release|x86
		{078483ED-A11B-4E8A-98AF-B96B54B4F179}.AppStore|iPhoneSimulator.Build.0 = Release|x86
		{078483ED-A11B-4E8A-98AF-B96B54B4F179}.AppStore|iPhoneSimulator.Deploy.0 = Release|x86
		{078483ED-A11B-4E8A-98AF-B96B54B4F179}.AppStore|x64.ActiveCfg = Release|x64
		{078483ED-A11B-4E8A-98AF-B96B54B4F179}.AppStore|x64.Build.0 = Release|x64
		{078483ED-A11B-4E8A-98AF-B96B54B4F179}.AppStore|x64.Deploy.0 = Release|x64
		{078483ED-A11B-4E8A-98AF-B96B54B4F179}.AppStore|x86.ActiveCfg = Release|x86
		{078483ED-A11B-4E8A-98AF-B96B54B4F179}.AppStore|x86.Build.0 = Release|x86
		{078483ED-A11B-4E8A-98AF-B96B54B4F179}.AppStore|x86.Deploy.0 = Release|x86
		{078483ED-A11B-4E8A-98AF-B96B54B4F179}.Debug|Any CPU.ActiveCfg = Debug|x86
		{078483ED-A11B-4E8A-98AF-B96B54B4F179}.Debug|ARM.ActiveCfg = Debug|ARM
		{078483ED-A11B-4E8A-98AF-B96B54B4F179}.Debug|ARM.Build.0 = Debug|ARM
		{078483ED-A11B-4E8A-98AF-B96B54B4F179}.Debug|ARM.Deploy.0 = Debug|ARM
		{078483ED-A11B-4E8A-98AF-B96B54B4F179}.Debug|iPhone.ActiveCfg = Debug|x86
		{078483ED-A11B-4E8A-98AF-B96B54B4F179}.Debug|iPhoneSimulator.ActiveCfg = Debug|x86
		{078483ED-A11B-4E8A-98AF-B96B54B4F179}.Debug|x64.ActiveCfg = Debug|x64
		{078483ED-A11B-4E8A-98AF-B96B54B4F179}.Debug|x64.Build.0 = Debug|x64
		{078483ED-A11B-4E8A-98AF-B96B54B4F179}.Debug|x64.Deploy.0 = Debug|x64
		{078483ED-A11B-4E8A-98AF-B96B54B4F179}.Debug|x86.ActiveCfg = Debug|x86
		{078483ED-A11B-4E8A-98AF-B96B54B4F179}.Debug|x86.Build.0 = Debug|x86
		{078483ED-A11B-4E8A-98AF-B96B54B4F179}.Debug|x86.Deploy.0 = Debug|x86
		{078483ED-A11B-4E8A-98AF-B96B54B4F179}.Release|Any CPU.ActiveCfg = Release|x86
		{078483ED-A11B-4E8A-98AF-B96B54B4F179}.Release|ARM.ActiveCfg = Release|ARM
		{078483ED-A11B-4E8A-98AF-B96B54B4F179}.Release|ARM.Build.0 = Release|ARM
		{078483ED-A11B-4E8A-98AF-B96B54B4F179}.Release|ARM.Deploy.0 = Release|ARM
		{078483ED-A11B-4E8A-98AF-B96B54B4F179}.Release|iPhone.ActiveCfg = Release|x86
		{078483ED-A11B-4E8A-98AF-B96B54B4F179}.Release|iPhoneSimulator.ActiveCfg = Release|x86
		{078483ED-A11B-4E8A-98AF-B96B54B4F179}.Release|x64.ActiveCfg = Release|x64
		{078483ED-A11B-4E8A-98AF-B96B54B4F179}.Release|x64.Build.0 = Release|x64
		{078483ED-A11B-4E8A-98AF-B96B54B4F179}.Release|x64.Deploy.0 = Release|x64
		{078483ED-A11B-4E8A-98AF-B96B54B4F179}.Release|x86.ActiveCfg = Release|x86
		{078483ED-A11B-4E8A-98AF-B96B54B4F179}.Release|x86.Build.0 = Release|x86
		{078483ED-A11B-4E8A-98AF-B96B54B4F179}.Release|x86.Deploy.0 = Release|x86
		{4F6DE33D-02A3-444D-838C-A5305F963F0B}.Ad-Hoc|Any CPU.ActiveCfg = Release|Any CPU
		{4F6DE33D-02A3-444D-838C-A5305F963F0B}.Ad-Hoc|Any CPU.Build.0 = Release|Any CPU
		{4F6DE33D-02A3-444D-838C-A5305F963F0B}.Ad-Hoc|Any CPU.Deploy.0 = Release|Any CPU
		{4F6DE33D-02A3-444D-838C-A5305F963F0B}.Ad-Hoc|ARM.ActiveCfg = Release|ARM
		{4F6DE33D-02A3-444D-838C-A5305F963F0B}.Ad-Hoc|ARM.Build.0 = Release|ARM
		{4F6DE33D-02A3-444D-838C-A5305F963F0B}.Ad-Hoc|ARM.Deploy.0 = Release|ARM
		{4F6DE33D-02A3-444D-838C-A5305F963F0B}.Ad-Hoc|iPhone.ActiveCfg = Release|Any CPU
		{4F6DE33D-02A3-444D-838C-A5305F963F0B}.Ad-Hoc|iPhone.Build.0 = Release|Any CPU
		{4F6DE33D-02A3-444D-838C-A5305F963F0B}.Ad-Hoc|iPhone.Deploy.0 = Release|Any CPU
		{4F6DE33D-02A3-444D-838C-A5305F963F0B}.Ad-Hoc|iPhoneSimulator.ActiveCfg = Release|Any CPU
		{4F6DE33D-02A3-444D-838C-A5305F963F0B}.Ad-Hoc|iPhoneSimulator.Build.0 = Release|Any CPU
		{4F6DE33D-02A3-444D-838C-A5305F963F0B}.Ad-Hoc|iPhoneSimulator.Deploy.0 = Release|Any CPU
		{4F6DE33D-02A3-444D-838C-A5305F963F0B}.Ad-Hoc|x64.ActiveCfg = Release|x64
		{4F6DE33D-02A3-444D-838C-A5305F963F0B}.Ad-Hoc|x64.Build.0 = Release|x64
		{4F6DE33D-02A3-444D-838C-A5305F963F0B}.Ad-Hoc|x64.Deploy.0 = Release|x64
		{4F6DE33D-02A3-444D-838C-A5305F963F0B}.Ad-Hoc|x86.ActiveCfg = Release|x86
		{4F6DE33D-02A3-444D-838C-A5305F963F0B}.Ad-Hoc|x86.Build.0 = Release|x86
		{4F6DE33D-02A3-444D-838C-A5305F963F0B}.Ad-Hoc|x86.Deploy.0 = Release|x86
		{4F6DE33D-02A3-444D-838C-A5305F963F0B}.AppStore|Any CPU.ActiveCfg = Release|Any CPU
		{4F6DE33D-02A3-444D-838C-A5305F963F0B}.AppStore|Any CPU.Build.0 = Release|Any CPU
		{4F6DE33D-02A3-444D-838C-A5305F963F0B}.AppStore|Any CPU.Deploy.0 = Release|Any CPU
		{4F6DE33D-02A3-444D-838C-A5305F963F0B}.AppStore|ARM.ActiveCfg = Release|ARM
		{4F6DE33D-02A3-444D-838C-A5305F963F0B}.AppStore|ARM.Build.0 = Release|ARM
		{4F6DE33D-02A3-444D-838C-A5305F963F0B}.AppStore|ARM.Deploy.0 = Release|ARM
		{4F6DE33D-02A3-444D-838C-A5305F963F0B}.AppStore|iPhone.ActiveCfg = Release|Any CPU
		{4F6DE33D-02A3-444D-838C-A5305F963F0B}.AppStore|iPhone.Build.0 = Release|Any CPU
		{4F6DE33D-02A3-444D-838C-A5305F963F0B}.AppStore|iPhone.Deploy.0 = Release|Any CPU
		{4F6DE33D-02A3-444D-838C-A5305F963F0B}.AppStore|iPhoneSimulator.ActiveCfg = Release|Any CPU
		{4F6DE33D-02A3-444D-838C-A5305F963F0B}.AppStore|iPhoneSimulator.Build.0 = Release|Any CPU
		{4F6DE33D-02A3-444D-838C-A5305F963F0B}.AppStore|iPhoneSimulator.Deploy.0 = Release|Any CPU
		{4F6DE33D-02A3-444D-838C-A5305F963F0B}.AppStore|x64.ActiveCfg = Release|x64
		{4F6DE33D-02A3-444D-838C-A5305F963F0B}.AppStore|x64.Build.0 = Release|x64
		{4F6DE33D-02A3-444D-838C-A5305F963F0B}.AppStore|x64.Deploy.0 = Release|x64
		{4F6DE33D-02A3-444D-838C-A5305F963F0B}.AppStore|x86.ActiveCfg = Release|x86
		{4F6DE33D-02A3-444D-838C-A5305F963F0B}.AppStore|x86.Build.0 = Release|x86
		{4F6DE33D-02A3-444D-838C-A5305F963F0B}.AppStore|x86.Deploy.0 = Release|x86
		{4F6DE33D-02A3-444D-838C-A5305F963F0B}.Debug|Any CPU.ActiveCfg = Debug|Any CPU
		{4F6DE33D-02A3-444D-838C-A5305F963F0B}.Debug|Any CPU.Build.0 = Debug|Any CPU
		{4F6DE33D-02A3-444D-838C-A5305F963F0B}.Debug|Any CPU.Deploy.0 = Debug|Any CPU
		{4F6DE33D-02A3-444D-838C-A5305F963F0B}.Debug|ARM.ActiveCfg = Debug|ARM
		{4F6DE33D-02A3-444D-838C-A5305F963F0B}.Debug|ARM.Build.0 = Debug|ARM
		{4F6DE33D-02A3-444D-838C-A5305F963F0B}.Debug|ARM.Deploy.0 = Debug|ARM
		{4F6DE33D-02A3-444D-838C-A5305F963F0B}.Debug|iPhone.ActiveCfg = Debug|Any CPU
		{4F6DE33D-02A3-444D-838C-A5305F963F0B}.Debug|iPhone.Build.0 = Debug|Any CPU
		{4F6DE33D-02A3-444D-838C-A5305F963F0B}.Debug|iPhone.Deploy.0 = Debug|Any CPU
		{4F6DE33D-02A3-444D-838C-A5305F963F0B}.Debug|iPhoneSimulator.ActiveCfg = Debug|Any CPU
		{4F6DE33D-02A3-444D-838C-A5305F963F0B}.Debug|iPhoneSimulator.Build.0 = Debug|Any CPU
		{4F6DE33D-02A3-444D-838C-A5305F963F0B}.Debug|iPhoneSimulator.Deploy.0 = Debug|Any CPU
		{4F6DE33D-02A3-444D-838C-A5305F963F0B}.Debug|x64.ActiveCfg = Debug|x64
		{4F6DE33D-02A3-444D-838C-A5305F963F0B}.Debug|x64.Build.0 = Debug|x64
		{4F6DE33D-02A3-444D-838C-A5305F963F0B}.Debug|x64.Deploy.0 = Debug|x64
		{4F6DE33D-02A3-444D-838C-A5305F963F0B}.Debug|x86.ActiveCfg = Debug|x86
		{4F6DE33D-02A3-444D-838C-A5305F963F0B}.Debug|x86.Build.0 = Debug|x86
		{4F6DE33D-02A3-444D-838C-A5305F963F0B}.Debug|x86.Deploy.0 = Debug|x86
		{4F6DE33D-02A3-444D-838C-A5305F963F0B}.Release|Any CPU.ActiveCfg = Release|Any CPU
		{4F6DE33D-02A3-444D-838C-A5305F963F0B}.Release|Any CPU.Build.0 = Release|Any CPU
		{4F6DE33D-02A3-444D-838C-A5305F963F0B}.Release|Any CPU.Deploy.0 = Release|Any CPU
		{4F6DE33D-02A3-444D-838C-A5305F963F0B}.Release|ARM.ActiveCfg = Release|ARM
		{4F6DE33D-02A3-444D-838C-A5305F963F0B}.Release|ARM.Build.0 = Release|ARM
		{4F6DE33D-02A3-444D-838C-A5305F963F0B}.Release|ARM.Deploy.0 = Release|ARM
		{4F6DE33D-02A3-444D-838C-A5305F963F0B}.Release|iPhone.ActiveCfg = Release|Any CPU
		{4F6DE33D-02A3-444D-838C-A5305F963F0B}.Release|iPhone.Build.0 = Release|Any CPU
		{4F6DE33D-02A3-444D-838C-A5305F963F0B}.Release|iPhone.Deploy.0 = Release|Any CPU
		{4F6DE33D-02A3-444D-838C-A5305F963F0B}.Release|iPhoneSimulator.ActiveCfg = Release|Any CPU
		{4F6DE33D-02A3-444D-838C-A5305F963F0B}.Release|iPhoneSimulator.Build.0 = Release|Any CPU
		{4F6DE33D-02A3-444D-838C-A5305F963F0B}.Release|iPhoneSimulator.Deploy.0 = Release|Any CPU
		{4F6DE33D-02A3-444D-838C-A5305F963F0B}.Release|x64.ActiveCfg = Release|x64
		{4F6DE33D-02A3-444D-838C-A5305F963F0B}.Release|x64.Build.0 = Release|x64
		{4F6DE33D-02A3-444D-838C-A5305F963F0B}.Release|x64.Deploy.0 = Release|x64
		{4F6DE33D-02A3-444D-838C-A5305F963F0B}.Release|x86.ActiveCfg = Release|x86
		{4F6DE33D-02A3-444D-838C-A5305F963F0B}.Release|x86.Build.0 = Release|x86
		{4F6DE33D-02A3-444D-838C-A5305F963F0B}.Release|x86.Deploy.0 = Release|x86
	EndGlobalSection
	GlobalSection(SolutionProperties) = preSolution
		HideSolutionNode = FALSE
	EndGlobalSection
EndGlobal
